
Microsoft Visual Studio Solution File, Format Version 11.00
# Visual Studio 2010
Project("{FAE04EC0-301F-11D3-BF4B-00C04F79EFBC}") = "EmailMaker.Domain", "EmailMaker.Domain\EmailMaker.Domain.csproj", "{09698B3F-4CF5-49DC-BA64-27790733B2D2}"
EndProject
Project("{2150E333-8FDC-42A3-9474-1A3956D46DE8}") = "Tests", "Tests", "{9997BD56-3B10-4ACD-94AA-3B87664C4A8A}"
EndProject
Project("{FAE04EC0-301F-11D3-BF4B-00C04F79EFBC}") = "EmailMaker.Utilities", "EmailMaker.Utilities\EmailMaker.Utilities.csproj", "{AC889EB1-719B-4FFD-B179-514F0AC5F5CE}"
EndProject
Project("{FAE04EC0-301F-11D3-BF4B-00C04F79EFBC}") = "EmailMaker.Website", "EmailMaker.Website\EmailMaker.Website.csproj", "{BA9916C7-48D4-4824-A4ED-2D3FEF5CA9F1}"
EndProject
Project("{FAE04EC0-301F-11D3-BF4B-00C04F79EFBC}") = "EmailMaker.Controllers", "EmailMaker.Controllers\EmailMaker.Controllers.csproj", "{A34ED149-1B63-44AC-B72A-A81C5FD42190}"
EndProject
Project("{FAE04EC0-301F-11D3-BF4B-00C04F79EFBC}") = "EmailMaker.Domain.Tests", "EmailMaker.Tests\UnitTests\EmailMaker.Domain.Tests\EmailMaker.Domain.Tests.csproj", "{1C2AD3E5-5E93-4F29-B6E0-9761D458AD46}"
EndProject
Project("{FAE04EC0-301F-11D3-BF4B-00C04F79EFBC}") = "EmailMaker.IntegrationTests", "EmailMaker.Tests\IntegrationTests\EmailMaker.IntegrationTests\EmailMaker.IntegrationTests.csproj", "{10790F2C-1370-4050-A0BF-7B0D4B509AF3}"
EndProject
Project("{FAE04EC0-301F-11D3-BF4B-00C04F79EFBC}") = "EmailMaker.TestHelper", "EmailMaker.TestHelper\EmailMaker.TestHelper.csproj", "{E1F1BD03-EC27-4AE8-8021-4580560A0E29}"
EndProject
Project("{2150E333-8FDC-42A3-9474-1A3956D46DE8}") = "EmailMaker.Tests", "EmailMaker.Tests", "{B417F58B-271B-4014-ADE9-5693DA47795B}"
EndProject
Project("{2150E333-8FDC-42A3-9474-1A3956D46DE8}") = "Core", "Core", "{F2C562FB-4597-4B76-B257-CCE4AE25D0B7}"
EndProject
Project("{2150E333-8FDC-42A3-9474-1A3956D46DE8}") = "Core.Tests", "Core.Tests", "{60540F8D-B802-4F58-98B1-6C21812D7A45}"
EndProject
Project("{2150E333-8FDC-42A3-9474-1A3956D46DE8}") = "IntegrationTests", "IntegrationTests", "{9E9C3914-DB54-4410-94AD-E30F9F9A3F5A}"
EndProject
Project("{2150E333-8FDC-42A3-9474-1A3956D46DE8}") = "UnitTests", "UnitTests", "{0397D79C-3CEB-45BB-8584-FD3AE1BAD995}"
EndProject
Project("{FAE04EC0-301F-11D3-BF4B-00C04F79EFBC}") = "EmailMaker.Controllers.Tests", "EmailMaker.Tests\UnitTests\EmailMaker.Controllers.Tests\EmailMaker.Controllers.Tests.csproj", "{12E71E74-2011-46C4-96B8-E88997028321}"
EndProject
Project("{FAE04EC0-301F-11D3-BF4B-00C04F79EFBC}") = "Core.TestHelper", "Core\Core.Tests\Core.TestHelper\Core.TestHelper.csproj", "{63E6B983-C183-4180-8FE3-B75FC33BFC85}"
EndProject
Project("{FAE04EC0-301F-11D3-BF4B-00C04F79EFBC}") = "Core.Web", "Core\Core.Web\Core.Web.csproj", "{25582672-6A5F-42BA-A968-213EBB05E735}"
EndProject
Project("{FAE04EC0-301F-11D3-BF4B-00C04F79EFBC}") = "Core.Ddd", "Core\Core.Ddd\Core.Ddd.csproj", "{A4AF92A0-F275-411F-A771-D89168FB8E91}"
EndProject
Project("{FAE04EC0-301F-11D3-BF4B-00C04F79EFBC}") = "CoreIoC", "Core\CoreIoC\CoreIoC.csproj", "{7C321BF5-4F91-4759-A11B-F0F6C510C494}"
EndProject
Project("{FAE04EC0-301F-11D3-BF4B-00C04F79EFBC}") = "Core.Queries", "Core\Core.Queries\Core.Queries.csproj", "{53C39A0D-69E8-498D-AFDB-82EB65470295}"
EndProject
Project("{FAE04EC0-301F-11D3-BF4B-00C04F79EFBC}") = "EmailMaker.Queries", "EmailMaker.Queries\EmailMaker.Queries.csproj", "{B6CA3CBC-8ABD-4CCC-8E38-44D624F2174B}"
EndProject
Project("{FAE04EC0-301F-11D3-BF4B-00C04F79EFBC}") = "CoreDdd.Tests", "Core\Core.Tests\CoreDdd.Tests\CoreDdd.Tests.csproj", "{C4F5D92A-8E83-4215-8B84-79A28A8BB366}"
EndProject
Global
	GlobalSection(SolutionConfigurationPlatforms) = preSolution
		Debug|Any CPU = Debug|Any CPU
		Release|Any CPU = Release|Any CPU
	EndGlobalSection
	GlobalSection(ProjectConfigurationPlatforms) = postSolution
		{09698B3F-4CF5-49DC-BA64-27790733B2D2}.Debug|Any CPU.ActiveCfg = Debug|Any CPU
		{09698B3F-4CF5-49DC-BA64-27790733B2D2}.Debug|Any CPU.Build.0 = Debug|Any CPU
		{09698B3F-4CF5-49DC-BA64-27790733B2D2}.Release|Any CPU.ActiveCfg = Release|Any CPU
		{09698B3F-4CF5-49DC-BA64-27790733B2D2}.Release|Any CPU.Build.0 = Release|Any CPU
		{AC889EB1-719B-4FFD-B179-514F0AC5F5CE}.Debug|Any CPU.ActiveCfg = Debug|Any CPU
		{AC889EB1-719B-4FFD-B179-514F0AC5F5CE}.Debug|Any CPU.Build.0 = Debug|Any CPU
		{AC889EB1-719B-4FFD-B179-514F0AC5F5CE}.Release|Any CPU.ActiveCfg = Release|Any CPU
		{AC889EB1-719B-4FFD-B179-514F0AC5F5CE}.Release|Any CPU.Build.0 = Release|Any CPU
		{BA9916C7-48D4-4824-A4ED-2D3FEF5CA9F1}.Debug|Any CPU.ActiveCfg = Debug|Any CPU
		{BA9916C7-48D4-4824-A4ED-2D3FEF5CA9F1}.Debug|Any CPU.Build.0 = Debug|Any CPU
		{BA9916C7-48D4-4824-A4ED-2D3FEF5CA9F1}.Release|Any CPU.ActiveCfg = Release|Any CPU
		{BA9916C7-48D4-4824-A4ED-2D3FEF5CA9F1}.Release|Any CPU.Build.0 = Release|Any CPU
		{A34ED149-1B63-44AC-B72A-A81C5FD42190}.Debug|Any CPU.ActiveCfg = Debug|Any CPU
		{A34ED149-1B63-44AC-B72A-A81C5FD42190}.Debug|Any CPU.Build.0 = Debug|Any CPU
		{A34ED149-1B63-44AC-B72A-A81C5FD42190}.Release|Any CPU.ActiveCfg = Release|Any CPU
		{A34ED149-1B63-44AC-B72A-A81C5FD42190}.Release|Any CPU.Build.0 = Release|Any CPU
		{1C2AD3E5-5E93-4F29-B6E0-9761D458AD46}.Debug|Any CPU.ActiveCfg = Debug|Any CPU
		{1C2AD3E5-5E93-4F29-B6E0-9761D458AD46}.Debug|Any CPU.Build.0 = Debug|Any CPU
		{1C2AD3E5-5E93-4F29-B6E0-9761D458AD46}.Release|Any CPU.ActiveCfg = Release|Any CPU
		{1C2AD3E5-5E93-4F29-B6E0-9761D458AD46}.Release|Any CPU.Build.0 = Release|Any CPU
		{10790F2C-1370-4050-A0BF-7B0D4B509AF3}.Debug|Any CPU.ActiveCfg = Debug|Any CPU
		{10790F2C-1370-4050-A0BF-7B0D4B509AF3}.Debug|Any CPU.Build.0 = Debug|Any CPU
		{10790F2C-1370-4050-A0BF-7B0D4B509AF3}.Release|Any CPU.ActiveCfg = Release|Any CPU
		{10790F2C-1370-4050-A0BF-7B0D4B509AF3}.Release|Any CPU.Build.0 = Release|Any CPU
		{E1F1BD03-EC27-4AE8-8021-4580560A0E29}.Debug|Any CPU.ActiveCfg = Debug|Any CPU
		{E1F1BD03-EC27-4AE8-8021-4580560A0E29}.Debug|Any CPU.Build.0 = Debug|Any CPU
		{E1F1BD03-EC27-4AE8-8021-4580560A0E29}.Release|Any CPU.ActiveCfg = Release|Any CPU
		{E1F1BD03-EC27-4AE8-8021-4580560A0E29}.Release|Any CPU.Build.0 = Release|Any CPU
		{12E71E74-2011-46C4-96B8-E88997028321}.Debug|Any CPU.ActiveCfg = Debug|Any CPU
		{12E71E74-2011-46C4-96B8-E88997028321}.Debug|Any CPU.Build.0 = Debug|Any CPU
		{12E71E74-2011-46C4-96B8-E88997028321}.Release|Any CPU.ActiveCfg = Release|Any CPU
		{12E71E74-2011-46C4-96B8-E88997028321}.Release|Any CPU.Build.0 = Release|Any CPU
		{63E6B983-C183-4180-8FE3-B75FC33BFC85}.Debug|Any CPU.ActiveCfg = Debug|Any CPU
		{63E6B983-C183-4180-8FE3-B75FC33BFC85}.Debug|Any CPU.Build.0 = Debug|Any CPU
		{63E6B983-C183-4180-8FE3-B75FC33BFC85}.Release|Any CPU.ActiveCfg = Release|Any CPU
		{63E6B983-C183-4180-8FE3-B75FC33BFC85}.Release|Any CPU.Build.0 = Release|Any CPU
		{25582672-6A5F-42BA-A968-213EBB05E735}.Debug|Any CPU.ActiveCfg = Debug|Any CPU
		{25582672-6A5F-42BA-A968-213EBB05E735}.Debug|Any CPU.Build.0 = Debug|Any CPU
		{25582672-6A5F-42BA-A968-213EBB05E735}.Release|Any CPU.ActiveCfg = Release|Any CPU
		{25582672-6A5F-42BA-A968-213EBB05E735}.Release|Any CPU.Build.0 = Release|Any CPU
		{A4AF92A0-F275-411F-A771-D89168FB8E91}.Debug|Any CPU.ActiveCfg = Debug|Any CPU
		{A4AF92A0-F275-411F-A771-D89168FB8E91}.Debug|Any CPU.Build.0 = Debug|Any CPU
		{A4AF92A0-F275-411F-A771-D89168FB8E91}.Release|Any CPU.ActiveCfg = Release|Any CPU
		{A4AF92A0-F275-411F-A771-D89168FB8E91}.Release|Any CPU.Build.0 = Release|Any CPU
		{7C321BF5-4F91-4759-A11B-F0F6C510C494}.Debug|Any CPU.ActiveCfg = Debug|Any CPU
		{7C321BF5-4F91-4759-A11B-F0F6C510C494}.Debug|Any CPU.Build.0 = Debug|Any CPU
		{7C321BF5-4F91-4759-A11B-F0F6C510C494}.Release|Any CPU.ActiveCfg = Release|Any CPU
		{7C321BF5-4F91-4759-A11B-F0F6C510C494}.Release|Any CPU.Build.0 = Release|Any CPU
		{53C39A0D-69E8-498D-AFDB-82EB65470295}.Debug|Any CPU.ActiveCfg = Debug|Any CPU
		{53C39A0D-69E8-498D-AFDB-82EB65470295}.Debug|Any CPU.Build.0 = Debug|Any CPU
		{53C39A0D-69E8-498D-AFDB-82EB65470295}.Release|Any CPU.ActiveCfg = Release|Any CPU
		{53C39A0D-69E8-498D-AFDB-82EB65470295}.Release|Any CPU.Build.0 = Release|Any CPU
		{B6CA3CBC-8ABD-4CCC-8E38-44D624F2174B}.Debug|Any CPU.ActiveCfg = Debug|Any CPU
		{B6CA3CBC-8ABD-4CCC-8E38-44D624F2174B}.Debug|Any CPU.Build.0 = Debug|Any CPU
		{B6CA3CBC-8ABD-4CCC-8E38-44D624F2174B}.Release|Any CPU.ActiveCfg = Release|Any CPU
		{B6CA3CBC-8ABD-4CCC-8E38-44D624F2174B}.Release|Any CPU.Build.0 = Release|Any CPU
		{C4F5D92A-8E83-4215-8B84-79A28A8BB366}.Debug|Any CPU.ActiveCfg = Debug|Any CPU
		{C4F5D92A-8E83-4215-8B84-79A28A8BB366}.Debug|Any CPU.Build.0 = Debug|Any CPU
		{C4F5D92A-8E83-4215-8B84-79A28A8BB366}.Release|Any CPU.ActiveCfg = Release|Any CPU
		{C4F5D92A-8E83-4215-8B84-79A28A8BB366}.Release|Any CPU.Build.0 = Release|Any CPU
	EndGlobalSection
	GlobalSection(SolutionProperties) = preSolution
		HideSolutionNode = FALSE
	EndGlobalSection
	GlobalSection(NestedProjects) = preSolution
		{B417F58B-271B-4014-ADE9-5693DA47795B} = {9997BD56-3B10-4ACD-94AA-3B87664C4A8A}
		{60540F8D-B802-4F58-98B1-6C21812D7A45} = {9997BD56-3B10-4ACD-94AA-3B87664C4A8A}
		{9E9C3914-DB54-4410-94AD-E30F9F9A3F5A} = {B417F58B-271B-4014-ADE9-5693DA47795B}
		{E1F1BD03-EC27-4AE8-8021-4580560A0E29} = {B417F58B-271B-4014-ADE9-5693DA47795B}
		{0397D79C-3CEB-45BB-8584-FD3AE1BAD995} = {B417F58B-271B-4014-ADE9-5693DA47795B}
		{10790F2C-1370-4050-A0BF-7B0D4B509AF3} = {9E9C3914-DB54-4410-94AD-E30F9F9A3F5A}
		{1C2AD3E5-5E93-4F29-B6E0-9761D458AD46} = {0397D79C-3CEB-45BB-8584-FD3AE1BAD995}
		{12E71E74-2011-46C4-96B8-E88997028321} = {0397D79C-3CEB-45BB-8584-FD3AE1BAD995}
		{25582672-6A5F-42BA-A968-213EBB05E735} = {F2C562FB-4597-4B76-B257-CCE4AE25D0B7}
		{A4AF92A0-F275-411F-A771-D89168FB8E91} = {F2C562FB-4597-4B76-B257-CCE4AE25D0B7}
		{7C321BF5-4F91-4759-A11B-F0F6C510C494} = {F2C562FB-4597-4B76-B257-CCE4AE25D0B7}
		{53C39A0D-69E8-498D-AFDB-82EB65470295} = {F2C562FB-4597-4B76-B257-CCE4AE25D0B7}
		{63E6B983-C183-4180-8FE3-B75FC33BFC85} = {60540F8D-B802-4F58-98B1-6C21812D7A45}
		{C4F5D92A-8E83-4215-8B84-79A28A8BB366} = {60540F8D-B802-4F58-98B1-6C21812D7A45}
	EndGlobalSection
EndGlobal
