
Microsoft Visual Studio Solution File, Format Version 11.00
# Visual Studio 2010
Project("{FAE04EC0-301F-11D3-BF4B-00C04F79EFBC}") = "EmailMaker.Domain", "EmailMaker.Domain\EmailMaker.Domain.csproj", "{09698B3F-4CF5-49DC-BA64-27790733B2D2}"
EndProject
Project("{2150E333-8FDC-42A3-9474-1A3956D46DE8}") = "Tests", "Tests", "{9997BD56-3B10-4ACD-94AA-3B87664C4A8A}"
EndProject
Project("{FAE04EC0-301F-11D3-BF4B-00C04F79EFBC}") = "EmailMaker.Utilities", "EmailMaker.Utilities\EmailMaker.Utilities.csproj", "{AC889EB1-719B-4FFD-B179-514F0AC5F5CE}"
EndProject
Project("{FAE04EC0-301F-11D3-BF4B-00C04F79EFBC}") = "EmailMaker.Website", "EmailMaker.Website\EmailMaker.Website.csproj", "{BA9916C7-48D4-4824-A4ED-2D3FEF5CA9F1}"
EndProject
Project("{FAE04EC0-301F-11D3-BF4B-00C04F79EFBC}") = "EmailMaker.Controllers", "EmailMaker.Controllers\EmailMaker.Controllers.csproj", "{A34ED149-1B63-44AC-B72A-A81C5FD42190}"
EndProject
Project("{FAE04EC0-301F-11D3-BF4B-00C04F79EFBC}") = "EmailMaker.Domain.Tests", "EmailMaker.Tests\UnitTests\EmailMaker.Domain.Tests\EmailMaker.Domain.Tests.csproj", "{1C2AD3E5-5E93-4F29-B6E0-9761D458AD46}"
EndProject
Project("{FAE04EC0-301F-11D3-BF4B-00C04F79EFBC}") = "EmailMaker.IntegrationTests", "EmailMaker.Tests\IntegrationTests\EmailMaker.IntegrationTests\EmailMaker.IntegrationTests.csproj", "{10790F2C-1370-4050-A0BF-7B0D4B509AF3}"
EndProject
Project("{FAE04EC0-301F-11D3-BF4B-00C04F79EFBC}") = "EmailMaker.TestHelper", "EmailMaker.TestHelper\EmailMaker.TestHelper.csproj", "{E1F1BD03-EC27-4AE8-8021-4580560A0E29}"
EndProject
Project("{2150E333-8FDC-42A3-9474-1A3956D46DE8}") = "EmailMaker.Tests", "EmailMaker.Tests", "{B417F58B-271B-4014-ADE9-5693DA47795B}"
EndProject
Project("{2150E333-8FDC-42A3-9474-1A3956D46DE8}") = "Core", "Core", "{F2C562FB-4597-4B76-B257-CCE4AE25D0B7}"
EndProject
Project("{2150E333-8FDC-42A3-9474-1A3956D46DE8}") = "Core.Tests", "Core.Tests", "{60540F8D-B802-4F58-98B1-6C21812D7A45}"
EndProject
Project("{2150E333-8FDC-42A3-9474-1A3956D46DE8}") = "IntegrationTests", "IntegrationTests", "{9E9C3914-DB54-4410-94AD-E30F9F9A3F5A}"
EndProject
Project("{2150E333-8FDC-42A3-9474-1A3956D46DE8}") = "UnitTests", "UnitTests", "{0397D79C-3CEB-45BB-8584-FD3AE1BAD995}"
EndProject
Project("{FAE04EC0-301F-11D3-BF4B-00C04F79EFBC}") = "EmailMaker.Controllers.Tests", "EmailMaker.Tests\UnitTests\EmailMaker.Controllers.Tests\EmailMaker.Controllers.Tests.csproj", "{12E71E74-2011-46C4-96B8-E88997028321}"
EndProject
Project("{FAE04EC0-301F-11D3-BF4B-00C04F79EFBC}") = "Core.TestHelper", "Core\Core.Tests\Core.TestHelper\Core.TestHelper.csproj", "{63E6B983-C183-4180-8FE3-B75FC33BFC85}"
EndProject
Project("{FAE04EC0-301F-11D3-BF4B-00C04F79EFBC}") = "Core.Web", "Core\Core.Web\Core.Web.csproj", "{25582672-6A5F-42BA-A968-213EBB05E735}"
EndProject
Project("{FAE04EC0-301F-11D3-BF4B-00C04F79EFBC}") = "Core.Queries", "Core\Core.Queries\Core.Queries.csproj", "{53C39A0D-69E8-498D-AFDB-82EB65470295}"
EndProject
Project("{FAE04EC0-301F-11D3-BF4B-00C04F79EFBC}") = "EmailMaker.Queries", "EmailMaker.Queries\EmailMaker.Queries.csproj", "{B6CA3CBC-8ABD-4CCC-8E38-44D624F2174B}"
EndProject
Project("{FAE04EC0-301F-11D3-BF4B-00C04F79EFBC}") = "Core.Utilities", "Core\Core.Utilities\Core.Utilities.csproj", "{6847B9DF-9F2B-4DDD-AC02-0ABAECE61889}"
EndProject
Project("{FAE04EC0-301F-11D3-BF4B-00C04F79EFBC}") = "Core.Commons", "Core\Core.Commons\Core.Commons.csproj", "{7C321BF5-4F91-4759-A11B-F0F6C510C494}"
EndProject
Project("{FAE04EC0-301F-11D3-BF4B-00C04F79EFBC}") = "Core.Commons.Tests", "Core\Core.Tests\Core.Commons.Tests\Core.Commons.Tests.csproj", "{62E7DFCB-35DC-4B55-849C-51D7B2BFBC86}"
EndProject
Project("{2150E333-8FDC-42A3-9474-1A3956D46DE8}") = "Domain", "Domain", "{2079061A-B619-4022-B211-D2C815DD39F1}"
EndProject
Project("{FAE04EC0-301F-11D3-BF4B-00C04F79EFBC}") = "EmailMaker.Domain.NHibernateMappings", "EmailMaker.Domain.NHibernateMappings\EmailMaker.Domain.NHibernateMappings.csproj", "{78FD90F4-DD12-425D-B9F4-B262B99FA247}"
EndProject
Project("{FAE04EC0-301F-11D3-BF4B-00C04F79EFBC}") = "Core.Queries.Tests", "Core\Core.Tests\Core.Queries.Tests\Core.Queries.Tests.csproj", "{3556F985-5FCA-4655-B2BE-47FC35F896B3}"
EndProject
Project("{2150E333-8FDC-42A3-9474-1A3956D46DE8}") = "Presentation", "Presentation", "{487BE804-FC64-47F5-92D2-9E378A51CE67}"
EndProject
Project("{FAE04EC0-301F-11D3-BF4B-00C04F79EFBC}") = "EmailMaker.DTO", "EmailMaker.Web.DTO\EmailMaker.DTO.csproj", "{9EC89380-5186-450A-BFCE-A08CF74BE535}"
EndProject
Project("{FAE04EC0-301F-11D3-BF4B-00C04F79EFBC}") = "EmailMaker.Web", "EmailMaker.Web\EmailMaker.Web.csproj", "{6AC005D9-720A-4B14-BE9A-75BB10A78BE1}"
EndProject
Project("{FAE04EC0-301F-11D3-BF4B-00C04F79EFBC}") = "EmailMaker.Commands", "EmailMaker.Commands\EmailMaker.Commands.csproj", "{DB6DC588-8415-4184-8B4B-6485374A2E68}"
EndProject
Project("{FAE04EC0-301F-11D3-BF4B-00C04F79EFBC}") = "Core.Commands.Tests", "Core\Core.Tests\Core.Commands.Tests\Core.Commands.Tests.csproj", "{CD54EF2B-8245-49D4-8DC8-791C4414DEF5}"
EndProject
Project("{FAE04EC0-301F-11D3-BF4B-00C04F79EFBC}") = "EmailMaker.Commands.Tests", "EmailMaker.Tests\UnitTests\EmailMaker.Commands.Tests\EmailMaker.Commands.Tests.csproj", "{55EC48BE-EE6D-48A6-90DA-4BF52ED69190}"
EndProject
Project("{FAE04EC0-301F-11D3-BF4B-00C04F79EFBC}") = "Core.Domain.Persistence", "Core\Core.Domain.Persistence\Core.Domain.Persistence.csproj", "{39623D17-0598-413E-B717-20058EFDA907}"
EndProject
Project("{FAE04EC0-301F-11D3-BF4B-00C04F79EFBC}") = "Core.Domain.Persistence.Tests", "Core\Core.Tests\Core.Domain.Persistence.Tests\Core.Domain.Persistence.Tests.csproj", "{0FE5D90A-4CF7-4451-8FC4-AB9CC6F70817}"
EndProject
Project("{FAE04EC0-301F-11D3-BF4B-00C04F79EFBC}") = "Core.Commands", "Core\Core.Commands\Core.Commands.csproj", "{07CA4978-6610-4B8D-9E5A-BA8E83A48412}"
EndProject
Project("{FAE04EC0-301F-11D3-BF4B-00C04F79EFBC}") = "Core.Domain", "Core\Core.Domain\Core.Domain.csproj", "{A4AF92A0-F275-411F-A771-D89168FB8E91}"
EndProject
Project("{FAE04EC0-301F-11D3-BF4B-00C04F79EFBC}") = "EmailMaker.DTO.NHibernateMappings", "EmailMaker.DTO.NHibernateMappings\EmailMaker.DTO.NHibernateMappings.csproj", "{3E04110E-A54D-4FFC-858E-40EBCFE78555}"
EndProject
Project("{FAE04EC0-301F-11D3-BF4B-00C04F79EFBC}") = "Core.Domain.Tests", "Core\Core.Tests\Core.Domain.Tests\Core.Domain.Tests.csproj", "{C4F5D92A-8E83-4215-8B84-79A28A8BB366}"
EndProject
Project("{FAE04EC0-301F-11D3-BF4B-00C04F79EFBC}") = "Core.Domain.Events", "Core\Core.Domain.Events\Core.Domain.Events.csproj", "{934B2562-1CF2-4650-8CD1-0B1A5F0F0E1D}"
EndProject
Project("{FAE04EC0-301F-11D3-BF4B-00C04F79EFBC}") = "EmailMaker.Domain.Events", "EmailMaker.Domain.Events\EmailMaker.Domain.Events.csproj", "{0F7267F2-246B-4FC7-B862-F84A659D1C68}"
EndProject
Project("{2150E333-8FDC-42A3-9474-1A3956D46DE8}") = "Service", "Service", "{CE1D6939-326C-412A-B1AA-1D8D54C48A58}"
EndProject
Project("{FAE04EC0-301F-11D3-BF4B-00C04F79EFBC}") = "EmailMaker.Messages", "EmailMaker.Messages\EmailMaker.Messages.csproj", "{5FF5C804-51CA-4D7F-81F5-DEE992EA018C}"
EndProject
Project("{FAE04EC0-301F-11D3-BF4B-00C04F79EFBC}") = "EmailMaker.Service", "EmailMaker.Service\EmailMaker.Service.csproj", "{3B63F0F4-1E42-4139-A0A9-1C8B3FED61FF}"
EndProject
Project("{2150E333-8FDC-42A3-9474-1A3956D46DE8}") = "Utilities", "Utilities", "{F311982C-B77E-47C5-8E44-72B2F8A3562C}"
EndProject
Project("{FAE04EC0-301F-11D3-BF4B-00C04F79EFBC}") = "EmailMaker.Domain.EventHandlers", "EmailMaker.Domain.EventHandlers\EmailMaker.Domain.EventHandlers.csproj", "{915F403B-2CF7-479C-B4B9-CA8BE0534184}"
EndProject
Project("{FAE04EC0-301F-11D3-BF4B-00C04F79EFBC}") = "EmailMaker.Service.Tests", "EmailMaker.Tests\UnitTests\EmailMaker.Service.Tests\EmailMaker.Service.Tests.csproj", "{F7AB4FED-6A46-4C1B-A4A4-5BF591EE3530}"
EndProject
Project("{FAE04EC0-301F-11D3-BF4B-00C04F79EFBC}") = "EmailMaker.Domain.EventHandlers.Tests", "EmailMaker.Tests\UnitTests\EmailMaker.Domain.EventHandlers.Tests\EmailMaker.Domain.EventHandlers.Tests.csproj", "{D9197A64-1C63-4F2B-948B-A15C317CD022}"
EndProject
Project("{FAE04EC0-301F-11D3-BF4B-00C04F79EFBC}") = "NServiceBus.ObjectBuilder.CastleWindsor25", "Utilities\NServiceBus.ObjectBuilder.CastleWindsor25\NServiceBus.ObjectBuilder.CastleWindsor25.csproj", "{3450EF31-9064-4EDB-80B9-633E092A3BF4}"
EndProject
Project("{FAE04EC0-301F-11D3-BF4B-00C04F79EFBC}") = "EmailMaker.Domain.Services", "EmailMaker.Domain.Services\EmailMaker.Domain.Services.csproj", "{C45093A6-6D35-424D-BFC5-286D996B65F6}"
EndProject
Global
	GlobalSection(SolutionConfigurationPlatforms) = preSolution
		Debug|Any CPU = Debug|Any CPU
		Release|Any CPU = Release|Any CPU
	EndGlobalSection
	GlobalSection(ProjectConfigurationPlatforms) = postSolution
		{09698B3F-4CF5-49DC-BA64-27790733B2D2}.Debug|Any CPU.ActiveCfg = Debug|Any CPU
		{09698B3F-4CF5-49DC-BA64-27790733B2D2}.Debug|Any CPU.Build.0 = Debug|Any CPU
		{09698B3F-4CF5-49DC-BA64-27790733B2D2}.Release|Any CPU.ActiveCfg = Release|Any CPU
		{09698B3F-4CF5-49DC-BA64-27790733B2D2}.Release|Any CPU.Build.0 = Release|Any CPU
		{AC889EB1-719B-4FFD-B179-514F0AC5F5CE}.Debug|Any CPU.ActiveCfg = Debug|Any CPU
		{AC889EB1-719B-4FFD-B179-514F0AC5F5CE}.Debug|Any CPU.Build.0 = Debug|Any CPU
		{AC889EB1-719B-4FFD-B179-514F0AC5F5CE}.Release|Any CPU.ActiveCfg = Release|Any CPU
		{AC889EB1-719B-4FFD-B179-514F0AC5F5CE}.Release|Any CPU.Build.0 = Release|Any CPU
		{BA9916C7-48D4-4824-A4ED-2D3FEF5CA9F1}.Debug|Any CPU.ActiveCfg = Debug|Any CPU
		{BA9916C7-48D4-4824-A4ED-2D3FEF5CA9F1}.Debug|Any CPU.Build.0 = Debug|Any CPU
		{BA9916C7-48D4-4824-A4ED-2D3FEF5CA9F1}.Release|Any CPU.ActiveCfg = Release|Any CPU
		{BA9916C7-48D4-4824-A4ED-2D3FEF5CA9F1}.Release|Any CPU.Build.0 = Release|Any CPU
		{A34ED149-1B63-44AC-B72A-A81C5FD42190}.Debug|Any CPU.ActiveCfg = Debug|Any CPU
		{A34ED149-1B63-44AC-B72A-A81C5FD42190}.Debug|Any CPU.Build.0 = Debug|Any CPU
		{A34ED149-1B63-44AC-B72A-A81C5FD42190}.Release|Any CPU.ActiveCfg = Release|Any CPU
		{A34ED149-1B63-44AC-B72A-A81C5FD42190}.Release|Any CPU.Build.0 = Release|Any CPU
		{1C2AD3E5-5E93-4F29-B6E0-9761D458AD46}.Debug|Any CPU.ActiveCfg = Debug|Any CPU
		{1C2AD3E5-5E93-4F29-B6E0-9761D458AD46}.Debug|Any CPU.Build.0 = Debug|Any CPU
		{1C2AD3E5-5E93-4F29-B6E0-9761D458AD46}.Release|Any CPU.ActiveCfg = Release|Any CPU
		{1C2AD3E5-5E93-4F29-B6E0-9761D458AD46}.Release|Any CPU.Build.0 = Release|Any CPU
		{10790F2C-1370-4050-A0BF-7B0D4B509AF3}.Debug|Any CPU.ActiveCfg = Debug|Any CPU
		{10790F2C-1370-4050-A0BF-7B0D4B509AF3}.Debug|Any CPU.Build.0 = Debug|Any CPU
		{10790F2C-1370-4050-A0BF-7B0D4B509AF3}.Release|Any CPU.ActiveCfg = Release|Any CPU
		{10790F2C-1370-4050-A0BF-7B0D4B509AF3}.Release|Any CPU.Build.0 = Release|Any CPU
		{E1F1BD03-EC27-4AE8-8021-4580560A0E29}.Debug|Any CPU.ActiveCfg = Debug|Any CPU
		{E1F1BD03-EC27-4AE8-8021-4580560A0E29}.Debug|Any CPU.Build.0 = Debug|Any CPU
		{E1F1BD03-EC27-4AE8-8021-4580560A0E29}.Release|Any CPU.ActiveCfg = Release|Any CPU
		{E1F1BD03-EC27-4AE8-8021-4580560A0E29}.Release|Any CPU.Build.0 = Release|Any CPU
		{12E71E74-2011-46C4-96B8-E88997028321}.Debug|Any CPU.ActiveCfg = Debug|Any CPU
		{12E71E74-2011-46C4-96B8-E88997028321}.Debug|Any CPU.Build.0 = Debug|Any CPU
		{12E71E74-2011-46C4-96B8-E88997028321}.Release|Any CPU.ActiveCfg = Release|Any CPU
		{12E71E74-2011-46C4-96B8-E88997028321}.Release|Any CPU.Build.0 = Release|Any CPU
		{63E6B983-C183-4180-8FE3-B75FC33BFC85}.Debug|Any CPU.ActiveCfg = Debug|Any CPU
		{63E6B983-C183-4180-8FE3-B75FC33BFC85}.Debug|Any CPU.Build.0 = Debug|Any CPU
		{63E6B983-C183-4180-8FE3-B75FC33BFC85}.Release|Any CPU.ActiveCfg = Release|Any CPU
		{63E6B983-C183-4180-8FE3-B75FC33BFC85}.Release|Any CPU.Build.0 = Release|Any CPU
		{25582672-6A5F-42BA-A968-213EBB05E735}.Debug|Any CPU.ActiveCfg = Debug|Any CPU
		{25582672-6A5F-42BA-A968-213EBB05E735}.Debug|Any CPU.Build.0 = Debug|Any CPU
		{25582672-6A5F-42BA-A968-213EBB05E735}.Release|Any CPU.ActiveCfg = Release|Any CPU
		{25582672-6A5F-42BA-A968-213EBB05E735}.Release|Any CPU.Build.0 = Release|Any CPU
		{53C39A0D-69E8-498D-AFDB-82EB65470295}.Debug|Any CPU.ActiveCfg = Debug|Any CPU
		{53C39A0D-69E8-498D-AFDB-82EB65470295}.Debug|Any CPU.Build.0 = Debug|Any CPU
		{53C39A0D-69E8-498D-AFDB-82EB65470295}.Release|Any CPU.ActiveCfg = Release|Any CPU
		{53C39A0D-69E8-498D-AFDB-82EB65470295}.Release|Any CPU.Build.0 = Release|Any CPU
		{B6CA3CBC-8ABD-4CCC-8E38-44D624F2174B}.Debug|Any CPU.ActiveCfg = Debug|Any CPU
		{B6CA3CBC-8ABD-4CCC-8E38-44D624F2174B}.Debug|Any CPU.Build.0 = Debug|Any CPU
		{B6CA3CBC-8ABD-4CCC-8E38-44D624F2174B}.Release|Any CPU.ActiveCfg = Release|Any CPU
		{B6CA3CBC-8ABD-4CCC-8E38-44D624F2174B}.Release|Any CPU.Build.0 = Release|Any CPU
		{6847B9DF-9F2B-4DDD-AC02-0ABAECE61889}.Debug|Any CPU.ActiveCfg = Debug|Any CPU
		{6847B9DF-9F2B-4DDD-AC02-0ABAECE61889}.Debug|Any CPU.Build.0 = Debug|Any CPU
		{6847B9DF-9F2B-4DDD-AC02-0ABAECE61889}.Release|Any CPU.ActiveCfg = Release|Any CPU
		{6847B9DF-9F2B-4DDD-AC02-0ABAECE61889}.Release|Any CPU.Build.0 = Release|Any CPU
		{7C321BF5-4F91-4759-A11B-F0F6C510C494}.Debug|Any CPU.ActiveCfg = Debug|Any CPU
		{7C321BF5-4F91-4759-A11B-F0F6C510C494}.Debug|Any CPU.Build.0 = Debug|Any CPU
		{7C321BF5-4F91-4759-A11B-F0F6C510C494}.Release|Any CPU.ActiveCfg = Release|Any CPU
		{7C321BF5-4F91-4759-A11B-F0F6C510C494}.Release|Any CPU.Build.0 = Release|Any CPU
		{62E7DFCB-35DC-4B55-849C-51D7B2BFBC86}.Debug|Any CPU.ActiveCfg = Debug|Any CPU
		{62E7DFCB-35DC-4B55-849C-51D7B2BFBC86}.Debug|Any CPU.Build.0 = Debug|Any CPU
		{62E7DFCB-35DC-4B55-849C-51D7B2BFBC86}.Release|Any CPU.ActiveCfg = Release|Any CPU
		{62E7DFCB-35DC-4B55-849C-51D7B2BFBC86}.Release|Any CPU.Build.0 = Release|Any CPU
		{78FD90F4-DD12-425D-B9F4-B262B99FA247}.Debug|Any CPU.ActiveCfg = Debug|Any CPU
		{78FD90F4-DD12-425D-B9F4-B262B99FA247}.Debug|Any CPU.Build.0 = Debug|Any CPU
		{78FD90F4-DD12-425D-B9F4-B262B99FA247}.Release|Any CPU.ActiveCfg = Release|Any CPU
		{78FD90F4-DD12-425D-B9F4-B262B99FA247}.Release|Any CPU.Build.0 = Release|Any CPU
		{3556F985-5FCA-4655-B2BE-47FC35F896B3}.Debug|Any CPU.ActiveCfg = Debug|Any CPU
		{3556F985-5FCA-4655-B2BE-47FC35F896B3}.Debug|Any CPU.Build.0 = Debug|Any CPU
		{3556F985-5FCA-4655-B2BE-47FC35F896B3}.Release|Any CPU.ActiveCfg = Release|Any CPU
		{3556F985-5FCA-4655-B2BE-47FC35F896B3}.Release|Any CPU.Build.0 = Release|Any CPU
		{9EC89380-5186-450A-BFCE-A08CF74BE535}.Debug|Any CPU.ActiveCfg = Debug|Any CPU
		{9EC89380-5186-450A-BFCE-A08CF74BE535}.Debug|Any CPU.Build.0 = Debug|Any CPU
		{9EC89380-5186-450A-BFCE-A08CF74BE535}.Release|Any CPU.ActiveCfg = Release|Any CPU
		{9EC89380-5186-450A-BFCE-A08CF74BE535}.Release|Any CPU.Build.0 = Release|Any CPU
		{6AC005D9-720A-4B14-BE9A-75BB10A78BE1}.Debug|Any CPU.ActiveCfg = Debug|Any CPU
		{6AC005D9-720A-4B14-BE9A-75BB10A78BE1}.Debug|Any CPU.Build.0 = Debug|Any CPU
		{6AC005D9-720A-4B14-BE9A-75BB10A78BE1}.Release|Any CPU.ActiveCfg = Release|Any CPU
		{6AC005D9-720A-4B14-BE9A-75BB10A78BE1}.Release|Any CPU.Build.0 = Release|Any CPU
		{DB6DC588-8415-4184-8B4B-6485374A2E68}.Debug|Any CPU.ActiveCfg = Debug|Any CPU
		{DB6DC588-8415-4184-8B4B-6485374A2E68}.Debug|Any CPU.Build.0 = Debug|Any CPU
		{DB6DC588-8415-4184-8B4B-6485374A2E68}.Release|Any CPU.ActiveCfg = Release|Any CPU
		{DB6DC588-8415-4184-8B4B-6485374A2E68}.Release|Any CPU.Build.0 = Release|Any CPU
		{CD54EF2B-8245-49D4-8DC8-791C4414DEF5}.Debug|Any CPU.ActiveCfg = Debug|Any CPU
		{CD54EF2B-8245-49D4-8DC8-791C4414DEF5}.Debug|Any CPU.Build.0 = Debug|Any CPU
		{CD54EF2B-8245-49D4-8DC8-791C4414DEF5}.Release|Any CPU.ActiveCfg = Release|Any CPU
		{CD54EF2B-8245-49D4-8DC8-791C4414DEF5}.Release|Any CPU.Build.0 = Release|Any CPU
		{55EC48BE-EE6D-48A6-90DA-4BF52ED69190}.Debug|Any CPU.ActiveCfg = Debug|Any CPU
		{55EC48BE-EE6D-48A6-90DA-4BF52ED69190}.Debug|Any CPU.Build.0 = Debug|Any CPU
		{55EC48BE-EE6D-48A6-90DA-4BF52ED69190}.Release|Any CPU.ActiveCfg = Release|Any CPU
		{55EC48BE-EE6D-48A6-90DA-4BF52ED69190}.Release|Any CPU.Build.0 = Release|Any CPU
		{39623D17-0598-413E-B717-20058EFDA907}.Debug|Any CPU.ActiveCfg = Debug|Any CPU
		{39623D17-0598-413E-B717-20058EFDA907}.Debug|Any CPU.Build.0 = Debug|Any CPU
		{39623D17-0598-413E-B717-20058EFDA907}.Release|Any CPU.ActiveCfg = Release|Any CPU
		{39623D17-0598-413E-B717-20058EFDA907}.Release|Any CPU.Build.0 = Release|Any CPU
		{0FE5D90A-4CF7-4451-8FC4-AB9CC6F70817}.Debug|Any CPU.ActiveCfg = Debug|Any CPU
		{0FE5D90A-4CF7-4451-8FC4-AB9CC6F70817}.Debug|Any CPU.Build.0 = Debug|Any CPU
		{0FE5D90A-4CF7-4451-8FC4-AB9CC6F70817}.Release|Any CPU.ActiveCfg = Release|Any CPU
		{0FE5D90A-4CF7-4451-8FC4-AB9CC6F70817}.Release|Any CPU.Build.0 = Release|Any CPU
		{07CA4978-6610-4B8D-9E5A-BA8E83A48412}.Debug|Any CPU.ActiveCfg = Debug|Any CPU
		{07CA4978-6610-4B8D-9E5A-BA8E83A48412}.Debug|Any CPU.Build.0 = Debug|Any CPU
		{07CA4978-6610-4B8D-9E5A-BA8E83A48412}.Release|Any CPU.ActiveCfg = Release|Any CPU
		{07CA4978-6610-4B8D-9E5A-BA8E83A48412}.Release|Any CPU.Build.0 = Release|Any CPU
		{A4AF92A0-F275-411F-A771-D89168FB8E91}.Debug|Any CPU.ActiveCfg = Debug|Any CPU
		{A4AF92A0-F275-411F-A771-D89168FB8E91}.Debug|Any CPU.Build.0 = Debug|Any CPU
		{A4AF92A0-F275-411F-A771-D89168FB8E91}.Release|Any CPU.ActiveCfg = Release|Any CPU
		{A4AF92A0-F275-411F-A771-D89168FB8E91}.Release|Any CPU.Build.0 = Release|Any CPU
		{3E04110E-A54D-4FFC-858E-40EBCFE78555}.Debug|Any CPU.ActiveCfg = Debug|Any CPU
		{3E04110E-A54D-4FFC-858E-40EBCFE78555}.Debug|Any CPU.Build.0 = Debug|Any CPU
		{3E04110E-A54D-4FFC-858E-40EBCFE78555}.Release|Any CPU.ActiveCfg = Release|Any CPU
		{3E04110E-A54D-4FFC-858E-40EBCFE78555}.Release|Any CPU.Build.0 = Release|Any CPU
		{C4F5D92A-8E83-4215-8B84-79A28A8BB366}.Debug|Any CPU.ActiveCfg = Debug|Any CPU
		{C4F5D92A-8E83-4215-8B84-79A28A8BB366}.Debug|Any CPU.Build.0 = Debug|Any CPU
		{C4F5D92A-8E83-4215-8B84-79A28A8BB366}.Release|Any CPU.ActiveCfg = Release|Any CPU
		{C4F5D92A-8E83-4215-8B84-79A28A8BB366}.Release|Any CPU.Build.0 = Release|Any CPU
		{934B2562-1CF2-4650-8CD1-0B1A5F0F0E1D}.Debug|Any CPU.ActiveCfg = Debug|Any CPU
		{934B2562-1CF2-4650-8CD1-0B1A5F0F0E1D}.Debug|Any CPU.Build.0 = Debug|Any CPU
		{934B2562-1CF2-4650-8CD1-0B1A5F0F0E1D}.Release|Any CPU.ActiveCfg = Release|Any CPU
		{934B2562-1CF2-4650-8CD1-0B1A5F0F0E1D}.Release|Any CPU.Build.0 = Release|Any CPU
		{0F7267F2-246B-4FC7-B862-F84A659D1C68}.Debug|Any CPU.ActiveCfg = Debug|Any CPU
		{0F7267F2-246B-4FC7-B862-F84A659D1C68}.Debug|Any CPU.Build.0 = Debug|Any CPU
		{0F7267F2-246B-4FC7-B862-F84A659D1C68}.Release|Any CPU.ActiveCfg = Release|Any CPU
		{0F7267F2-246B-4FC7-B862-F84A659D1C68}.Release|Any CPU.Build.0 = Release|Any CPU
		{5FF5C804-51CA-4D7F-81F5-DEE992EA018C}.Debug|Any CPU.ActiveCfg = Debug|Any CPU
		{5FF5C804-51CA-4D7F-81F5-DEE992EA018C}.Debug|Any CPU.Build.0 = Debug|Any CPU
		{5FF5C804-51CA-4D7F-81F5-DEE992EA018C}.Release|Any CPU.ActiveCfg = Release|Any CPU
		{5FF5C804-51CA-4D7F-81F5-DEE992EA018C}.Release|Any CPU.Build.0 = Release|Any CPU
		{3B63F0F4-1E42-4139-A0A9-1C8B3FED61FF}.Debug|Any CPU.ActiveCfg = Debug|Any CPU
		{3B63F0F4-1E42-4139-A0A9-1C8B3FED61FF}.Debug|Any CPU.Build.0 = Debug|Any CPU
		{3B63F0F4-1E42-4139-A0A9-1C8B3FED61FF}.Release|Any CPU.ActiveCfg = Release|Any CPU
		{3B63F0F4-1E42-4139-A0A9-1C8B3FED61FF}.Release|Any CPU.Build.0 = Release|Any CPU
		{915F403B-2CF7-479C-B4B9-CA8BE0534184}.Debug|Any CPU.ActiveCfg = Debug|Any CPU
		{915F403B-2CF7-479C-B4B9-CA8BE0534184}.Debug|Any CPU.Build.0 = Debug|Any CPU
		{915F403B-2CF7-479C-B4B9-CA8BE0534184}.Release|Any CPU.ActiveCfg = Release|Any CPU
		{915F403B-2CF7-479C-B4B9-CA8BE0534184}.Release|Any CPU.Build.0 = Release|Any CPU
		{F7AB4FED-6A46-4C1B-A4A4-5BF591EE3530}.Debug|Any CPU.ActiveCfg = Debug|Any CPU
		{F7AB4FED-6A46-4C1B-A4A4-5BF591EE3530}.Debug|Any CPU.Build.0 = Debug|Any CPU
		{F7AB4FED-6A46-4C1B-A4A4-5BF591EE3530}.Release|Any CPU.ActiveCfg = Release|Any CPU
		{F7AB4FED-6A46-4C1B-A4A4-5BF591EE3530}.Release|Any CPU.Build.0 = Release|Any CPU
		{D9197A64-1C63-4F2B-948B-A15C317CD022}.Debug|Any CPU.ActiveCfg = Debug|Any CPU
		{D9197A64-1C63-4F2B-948B-A15C317CD022}.Debug|Any CPU.Build.0 = Debug|Any CPU
		{D9197A64-1C63-4F2B-948B-A15C317CD022}.Release|Any CPU.ActiveCfg = Release|Any CPU
		{D9197A64-1C63-4F2B-948B-A15C317CD022}.Release|Any CPU.Build.0 = Release|Any CPU
		{3450EF31-9064-4EDB-80B9-633E092A3BF4}.Debug|Any CPU.ActiveCfg = Debug|Any CPU
		{3450EF31-9064-4EDB-80B9-633E092A3BF4}.Debug|Any CPU.Build.0 = Debug|Any CPU
		{3450EF31-9064-4EDB-80B9-633E092A3BF4}.Release|Any CPU.ActiveCfg = Release|Any CPU
		{3450EF31-9064-4EDB-80B9-633E092A3BF4}.Release|Any CPU.Build.0 = Release|Any CPU
		{C45093A6-6D35-424D-BFC5-286D996B65F6}.Debug|Any CPU.ActiveCfg = Debug|Any CPU
		{C45093A6-6D35-424D-BFC5-286D996B65F6}.Debug|Any CPU.Build.0 = Debug|Any CPU
		{C45093A6-6D35-424D-BFC5-286D996B65F6}.Release|Any CPU.ActiveCfg = Release|Any CPU
		{C45093A6-6D35-424D-BFC5-286D996B65F6}.Release|Any CPU.Build.0 = Release|Any CPU
	EndGlobalSection
	GlobalSection(SolutionProperties) = preSolution
		HideSolutionNode = FALSE
	EndGlobalSection
	GlobalSection(NestedProjects) = preSolution
		{09698B3F-4CF5-49DC-BA64-27790733B2D2} = {2079061A-B619-4022-B211-D2C815DD39F1}
		{78FD90F4-DD12-425D-B9F4-B262B99FA247} = {2079061A-B619-4022-B211-D2C815DD39F1}
		{0F7267F2-246B-4FC7-B862-F84A659D1C68} = {2079061A-B619-4022-B211-D2C815DD39F1}
		{915F403B-2CF7-479C-B4B9-CA8BE0534184} = {2079061A-B619-4022-B211-D2C815DD39F1}
		{C45093A6-6D35-424D-BFC5-286D996B65F6} = {2079061A-B619-4022-B211-D2C815DD39F1}
		{B417F58B-271B-4014-ADE9-5693DA47795B} = {9997BD56-3B10-4ACD-94AA-3B87664C4A8A}
		{60540F8D-B802-4F58-98B1-6C21812D7A45} = {9997BD56-3B10-4ACD-94AA-3B87664C4A8A}
		{A34ED149-1B63-44AC-B72A-A81C5FD42190} = {487BE804-FC64-47F5-92D2-9E378A51CE67}
		{BA9916C7-48D4-4824-A4ED-2D3FEF5CA9F1} = {487BE804-FC64-47F5-92D2-9E378A51CE67}
		{9EC89380-5186-450A-BFCE-A08CF74BE535} = {487BE804-FC64-47F5-92D2-9E378A51CE67}
		{6AC005D9-720A-4B14-BE9A-75BB10A78BE1} = {487BE804-FC64-47F5-92D2-9E378A51CE67}
		{3E04110E-A54D-4FFC-858E-40EBCFE78555} = {487BE804-FC64-47F5-92D2-9E378A51CE67}
		{9E9C3914-DB54-4410-94AD-E30F9F9A3F5A} = {B417F58B-271B-4014-ADE9-5693DA47795B}
		{E1F1BD03-EC27-4AE8-8021-4580560A0E29} = {B417F58B-271B-4014-ADE9-5693DA47795B}
		{0397D79C-3CEB-45BB-8584-FD3AE1BAD995} = {B417F58B-271B-4014-ADE9-5693DA47795B}
		{10790F2C-1370-4050-A0BF-7B0D4B509AF3} = {9E9C3914-DB54-4410-94AD-E30F9F9A3F5A}
		{1C2AD3E5-5E93-4F29-B6E0-9761D458AD46} = {0397D79C-3CEB-45BB-8584-FD3AE1BAD995}
		{12E71E74-2011-46C4-96B8-E88997028321} = {0397D79C-3CEB-45BB-8584-FD3AE1BAD995}
		{55EC48BE-EE6D-48A6-90DA-4BF52ED69190} = {0397D79C-3CEB-45BB-8584-FD3AE1BAD995}
		{F7AB4FED-6A46-4C1B-A4A4-5BF591EE3530} = {0397D79C-3CEB-45BB-8584-FD3AE1BAD995}
		{D9197A64-1C63-4F2B-948B-A15C317CD022} = {0397D79C-3CEB-45BB-8584-FD3AE1BAD995}
		{25582672-6A5F-42BA-A968-213EBB05E735} = {F2C562FB-4597-4B76-B257-CCE4AE25D0B7}
		{53C39A0D-69E8-498D-AFDB-82EB65470295} = {F2C562FB-4597-4B76-B257-CCE4AE25D0B7}
		{6847B9DF-9F2B-4DDD-AC02-0ABAECE61889} = {F2C562FB-4597-4B76-B257-CCE4AE25D0B7}
		{7C321BF5-4F91-4759-A11B-F0F6C510C494} = {F2C562FB-4597-4B76-B257-CCE4AE25D0B7}
		{39623D17-0598-413E-B717-20058EFDA907} = {F2C562FB-4597-4B76-B257-CCE4AE25D0B7}
		{07CA4978-6610-4B8D-9E5A-BA8E83A48412} = {F2C562FB-4597-4B76-B257-CCE4AE25D0B7}
		{A4AF92A0-F275-411F-A771-D89168FB8E91} = {F2C562FB-4597-4B76-B257-CCE4AE25D0B7}
		{934B2562-1CF2-4650-8CD1-0B1A5F0F0E1D} = {F2C562FB-4597-4B76-B257-CCE4AE25D0B7}
		{63E6B983-C183-4180-8FE3-B75FC33BFC85} = {60540F8D-B802-4F58-98B1-6C21812D7A45}
		{62E7DFCB-35DC-4B55-849C-51D7B2BFBC86} = {60540F8D-B802-4F58-98B1-6C21812D7A45}
		{3556F985-5FCA-4655-B2BE-47FC35F896B3} = {60540F8D-B802-4F58-98B1-6C21812D7A45}
		{CD54EF2B-8245-49D4-8DC8-791C4414DEF5} = {60540F8D-B802-4F58-98B1-6C21812D7A45}
		{0FE5D90A-4CF7-4451-8FC4-AB9CC6F70817} = {60540F8D-B802-4F58-98B1-6C21812D7A45}
		{C4F5D92A-8E83-4215-8B84-79A28A8BB366} = {60540F8D-B802-4F58-98B1-6C21812D7A45}
		{5FF5C804-51CA-4D7F-81F5-DEE992EA018C} = {CE1D6939-326C-412A-B1AA-1D8D54C48A58}
		{3B63F0F4-1E42-4139-A0A9-1C8B3FED61FF} = {CE1D6939-326C-412A-B1AA-1D8D54C48A58}
		{3450EF31-9064-4EDB-80B9-633E092A3BF4} = {F311982C-B77E-47C5-8E44-72B2F8A3562C}
	EndGlobalSection
EndGlobal
